
Microsoft Visual Studio Solution File, Format Version 12.00
# Visual Studio 14
VisualStudioVersion = 14.0.23107.0
MinimumVisualStudioVersion = 10.0.40219.1
Project("{FAE04EC0-301F-11D3-BF4B-00C04F79EFBC}") = "OrionX", "OrionX\OrionX.csproj", "{3DFD48F8-21F7-47C8-9E8A-25FF206341EF}"
EndProject
Project("{FAE04EC0-301F-11D3-BF4B-00C04F79EFBC}") = "OrionX.Physics", "OrionX.Physics\OrionX.Physics.csproj", "{E7A9765C-5A7E-486F-9671-63B3941E2F03}"
EndProject
Project("{FAE04EC0-301F-11D3-BF4B-00C04F79EFBC}") = "OrionX.Audio", "OrionX.Audio\OrionX.Audio.csproj", "{954E2197-39CD-475F-BBEF-96E135F9DCCF}"
EndProject
Project("{FAE04EC0-301F-11D3-BF4B-00C04F79EFBC}") = "OrionX.Input", "OrionX.Input\OrionX.Input.csproj", "{A4D70D3C-03DD-4645-A190-A009E70408F4}"
EndProject
Project("{FAE04EC0-301F-11D3-BF4B-00C04F79EFBC}") = "OrionX.Content", "OrionX.Content\OrionX.Content.csproj", "{7DD65D11-FA4F-4E1F-8835-CBADCED432D2}"
EndProject
Project("{2150E333-8FDC-42A3-9474-1A3956D46DE8}") = "OrionX Components", "OrionX Components", "{3025DE5F-2C70-496D-8902-151F57E0BB80}"
EndProject
Project("{FAE04EC0-301F-11D3-BF4B-00C04F79EFBC}") = "OrionX.API", "OrionX.API\OrionX.API.csproj", "{44CD383A-1CB9-420F-9C03-613DAC1CE1D4}"
EndProject
Project("{FAE04EC0-301F-11D3-BF4B-00C04F79EFBC}") = "OrionX.Data", "OrionX.Data\OrionX.Data.csproj", "{4CA65224-8020-4A9D-BA3A-786760AE9AA9}"
EndProject
Project("{FAE04EC0-301F-11D3-BF4B-00C04F79EFBC}") = "OrionX.Game", "OrionX.Game\OrionX.Game.csproj", "{497B3EB8-DCBB-41A6-BA9C-4A78B58E666A}"
EndProject
Project("{FAE04EC0-301F-11D3-BF4B-00C04F79EFBC}") = "OrionX.Math", "OrionX.Math\OrionX.Math.csproj", "{BD7400F1-DE49-4EF6-AE85-48985C5B1E13}"
EndProject
Project("{FAE04EC0-301F-11D3-BF4B-00C04F79EFBC}") = "OrionX.Library", "OrionX.Library\OrionX.Library.csproj", "{EBA2C78C-DAA8-4B72-BD1F-BC609C059400}"
EndProject
Project("{FAE04EC0-301F-11D3-BF4B-00C04F79EFBC}") = "OrionX.Network", "OrionX.Network\OrionX.Network.csproj", "{A94D7507-276F-4AB4-9467-41F4F940790F}"
EndProject
Project("{FAE04EC0-301F-11D3-BF4B-00C04F79EFBC}") = "OrionX.Tests", "OrionX.Tests\OrionX.Tests.csproj", "{59E37DC4-A963-4B05-B14B-2E23CB0069AD}"
EndProject
Global
	GlobalSection(SolutionConfigurationPlatforms) = preSolution
		Debug|Any CPU = Debug|Any CPU
		Debug|x64 = Debug|x64
		Debug|x86 = Debug|x86
		Release|Any CPU = Release|Any CPU
		Release|x64 = Release|x64
		Release|x86 = Release|x86
	EndGlobalSection
	GlobalSection(ProjectConfigurationPlatforms) = postSolution
		{3DFD48F8-21F7-47C8-9E8A-25FF206341EF}.Debug|Any CPU.ActiveCfg = Debug|Any CPU
		{3DFD48F8-21F7-47C8-9E8A-25FF206341EF}.Debug|Any CPU.Build.0 = Debug|Any CPU
		{3DFD48F8-21F7-47C8-9E8A-25FF206341EF}.Debug|x64.ActiveCfg = Debug|x64
		{3DFD48F8-21F7-47C8-9E8A-25FF206341EF}.Debug|x64.Build.0 = Debug|x64
		{3DFD48F8-21F7-47C8-9E8A-25FF206341EF}.Debug|x86.ActiveCfg = Debug|Any CPU
		{3DFD48F8-21F7-47C8-9E8A-25FF206341EF}.Debug|x86.Build.0 = Debug|Any CPU
		{3DFD48F8-21F7-47C8-9E8A-25FF206341EF}.Release|Any CPU.ActiveCfg = Release|Any CPU
		{3DFD48F8-21F7-47C8-9E8A-25FF206341EF}.Release|Any CPU.Build.0 = Release|Any CPU
		{3DFD48F8-21F7-47C8-9E8A-25FF206341EF}.Release|x64.ActiveCfg = Release|x64
		{3DFD48F8-21F7-47C8-9E8A-25FF206341EF}.Release|x64.Build.0 = Release|x64
		{3DFD48F8-21F7-47C8-9E8A-25FF206341EF}.Release|x86.ActiveCfg = Release|Any CPU
		{3DFD48F8-21F7-47C8-9E8A-25FF206341EF}.Release|x86.Build.0 = Release|Any CPU
		{E7A9765C-5A7E-486F-9671-63B3941E2F03}.Debug|Any CPU.ActiveCfg = Debug|Any CPU
		{E7A9765C-5A7E-486F-9671-63B3941E2F03}.Debug|Any CPU.Build.0 = Debug|Any CPU
		{E7A9765C-5A7E-486F-9671-63B3941E2F03}.Debug|x64.ActiveCfg = Debug|x64
		{E7A9765C-5A7E-486F-9671-63B3941E2F03}.Debug|x64.Build.0 = Debug|x64
		{E7A9765C-5A7E-486F-9671-63B3941E2F03}.Debug|x86.ActiveCfg = Debug|Any CPU
		{E7A9765C-5A7E-486F-9671-63B3941E2F03}.Debug|x86.Build.0 = Debug|Any CPU
		{E7A9765C-5A7E-486F-9671-63B3941E2F03}.Release|Any CPU.ActiveCfg = Release|Any CPU
		{E7A9765C-5A7E-486F-9671-63B3941E2F03}.Release|Any CPU.Build.0 = Release|Any CPU
		{E7A9765C-5A7E-486F-9671-63B3941E2F03}.Release|x64.ActiveCfg = Release|x64
		{E7A9765C-5A7E-486F-9671-63B3941E2F03}.Release|x64.Build.0 = Release|x64
		{E7A9765C-5A7E-486F-9671-63B3941E2F03}.Release|x86.ActiveCfg = Release|Any CPU
		{E7A9765C-5A7E-486F-9671-63B3941E2F03}.Release|x86.Build.0 = Release|Any CPU
		{954E2197-39CD-475F-BBEF-96E135F9DCCF}.Debug|Any CPU.ActiveCfg = Debug|Any CPU
		{954E2197-39CD-475F-BBEF-96E135F9DCCF}.Debug|Any CPU.Build.0 = Debug|Any CPU
		{954E2197-39CD-475F-BBEF-96E135F9DCCF}.Debug|x64.ActiveCfg = Debug|x64
		{954E2197-39CD-475F-BBEF-96E135F9DCCF}.Debug|x64.Build.0 = Debug|x64
		{954E2197-39CD-475F-BBEF-96E135F9DCCF}.Debug|x86.ActiveCfg = Debug|Any CPU
		{954E2197-39CD-475F-BBEF-96E135F9DCCF}.Debug|x86.Build.0 = Debug|Any CPU
		{954E2197-39CD-475F-BBEF-96E135F9DCCF}.Release|Any CPU.ActiveCfg = Release|Any CPU
		{954E2197-39CD-475F-BBEF-96E135F9DCCF}.Release|Any CPU.Build.0 = Release|Any CPU
		{954E2197-39CD-475F-BBEF-96E135F9DCCF}.Release|x64.ActiveCfg = Release|x64
		{954E2197-39CD-475F-BBEF-96E135F9DCCF}.Release|x64.Build.0 = Release|x64
		{954E2197-39CD-475F-BBEF-96E135F9DCCF}.Release|x86.ActiveCfg = Release|Any CPU
		{954E2197-39CD-475F-BBEF-96E135F9DCCF}.Release|x86.Build.0 = Release|Any CPU
		{A4D70D3C-03DD-4645-A190-A009E70408F4}.Debug|Any CPU.ActiveCfg = Debug|Any CPU
		{A4D70D3C-03DD-4645-A190-A009E70408F4}.Debug|Any CPU.Build.0 = Debug|Any CPU
		{A4D70D3C-03DD-4645-A190-A009E70408F4}.Debug|x64.ActiveCfg = Debug|x64
		{A4D70D3C-03DD-4645-A190-A009E70408F4}.Debug|x64.Build.0 = Debug|x64
		{A4D70D3C-03DD-4645-A190-A009E70408F4}.Debug|x86.ActiveCfg = Debug|Any CPU
		{A4D70D3C-03DD-4645-A190-A009E70408F4}.Debug|x86.Build.0 = Debug|Any CPU
		{A4D70D3C-03DD-4645-A190-A009E70408F4}.Release|Any CPU.ActiveCfg = Release|Any CPU
		{A4D70D3C-03DD-4645-A190-A009E70408F4}.Release|Any CPU.Build.0 = Release|Any CPU
		{A4D70D3C-03DD-4645-A190-A009E70408F4}.Release|x64.ActiveCfg = Release|x64
		{A4D70D3C-03DD-4645-A190-A009E70408F4}.Release|x64.Build.0 = Release|x64
		{A4D70D3C-03DD-4645-A190-A009E70408F4}.Release|x86.ActiveCfg = Release|Any CPU
		{A4D70D3C-03DD-4645-A190-A009E70408F4}.Release|x86.Build.0 = Release|Any CPU
		{7DD65D11-FA4F-4E1F-8835-CBADCED432D2}.Debug|Any CPU.ActiveCfg = Debug|Any CPU
		{7DD65D11-FA4F-4E1F-8835-CBADCED432D2}.Debug|Any CPU.Build.0 = Debug|Any CPU
		{7DD65D11-FA4F-4E1F-8835-CBADCED432D2}.Debug|x64.ActiveCfg = Debug|x64
		{7DD65D11-FA4F-4E1F-8835-CBADCED432D2}.Debug|x64.Build.0 = Debug|x64
		{7DD65D11-FA4F-4E1F-8835-CBADCED432D2}.Debug|x86.ActiveCfg = Debug|Any CPU
		{7DD65D11-FA4F-4E1F-8835-CBADCED432D2}.Debug|x86.Build.0 = Debug|Any CPU
		{7DD65D11-FA4F-4E1F-8835-CBADCED432D2}.Release|Any CPU.ActiveCfg = Release|Any CPU
		{7DD65D11-FA4F-4E1F-8835-CBADCED432D2}.Release|Any CPU.Build.0 = Release|Any CPU
		{7DD65D11-FA4F-4E1F-8835-CBADCED432D2}.Release|x64.ActiveCfg = Release|x64
		{7DD65D11-FA4F-4E1F-8835-CBADCED432D2}.Release|x64.Build.0 = Release|x64
		{7DD65D11-FA4F-4E1F-8835-CBADCED432D2}.Release|x86.ActiveCfg = Release|Any CPU
		{7DD65D11-FA4F-4E1F-8835-CBADCED432D2}.Release|x86.Build.0 = Release|Any CPU
		{44CD383A-1CB9-420F-9C03-613DAC1CE1D4}.Debug|Any CPU.ActiveCfg = Debug|Any CPU
		{44CD383A-1CB9-420F-9C03-613DAC1CE1D4}.Debug|Any CPU.Build.0 = Debug|Any CPU
		{44CD383A-1CB9-420F-9C03-613DAC1CE1D4}.Debug|x64.ActiveCfg = Debug|x64
		{44CD383A-1CB9-420F-9C03-613DAC1CE1D4}.Debug|x64.Build.0 = Debug|x64
		{44CD383A-1CB9-420F-9C03-613DAC1CE1D4}.Debug|x86.ActiveCfg = Debug|Any CPU
		{44CD383A-1CB9-420F-9C03-613DAC1CE1D4}.Debug|x86.Build.0 = Debug|Any CPU
		{44CD383A-1CB9-420F-9C03-613DAC1CE1D4}.Release|Any CPU.ActiveCfg = Release|Any CPU
		{44CD383A-1CB9-420F-9C03-613DAC1CE1D4}.Release|Any CPU.Build.0 = Release|Any CPU
		{44CD383A-1CB9-420F-9C03-613DAC1CE1D4}.Release|x64.ActiveCfg = Release|x64
		{44CD383A-1CB9-420F-9C03-613DAC1CE1D4}.Release|x64.Build.0 = Release|x64
		{44CD383A-1CB9-420F-9C03-613DAC1CE1D4}.Release|x86.ActiveCfg = Release|Any CPU
		{44CD383A-1CB9-420F-9C03-613DAC1CE1D4}.Release|x86.Build.0 = Release|Any CPU
		{4CA65224-8020-4A9D-BA3A-786760AE9AA9}.Debug|Any CPU.ActiveCfg = Debug|Any CPU
		{4CA65224-8020-4A9D-BA3A-786760AE9AA9}.Debug|Any CPU.Build.0 = Debug|Any CPU
		{4CA65224-8020-4A9D-BA3A-786760AE9AA9}.Debug|x64.ActiveCfg = Debug|x64
		{4CA65224-8020-4A9D-BA3A-786760AE9AA9}.Debug|x64.Build.0 = Debug|x64
		{4CA65224-8020-4A9D-BA3A-786760AE9AA9}.Debug|x86.ActiveCfg = Debug|Any CPU
		{4CA65224-8020-4A9D-BA3A-786760AE9AA9}.Debug|x86.Build.0 = Debug|Any CPU
		{4CA65224-8020-4A9D-BA3A-786760AE9AA9}.Release|Any CPU.ActiveCfg = Release|Any CPU
		{4CA65224-8020-4A9D-BA3A-786760AE9AA9}.Release|Any CPU.Build.0 = Release|Any CPU
		{4CA65224-8020-4A9D-BA3A-786760AE9AA9}.Release|x64.ActiveCfg = Release|x64
		{4CA65224-8020-4A9D-BA3A-786760AE9AA9}.Release|x64.Build.0 = Release|x64
		{4CA65224-8020-4A9D-BA3A-786760AE9AA9}.Release|x86.ActiveCfg = Release|Any CPU
		{4CA65224-8020-4A9D-BA3A-786760AE9AA9}.Release|x86.Build.0 = Release|Any CPU
		{497B3EB8-DCBB-41A6-BA9C-4A78B58E666A}.Debug|Any CPU.ActiveCfg = Debug|Any CPU
		{497B3EB8-DCBB-41A6-BA9C-4A78B58E666A}.Debug|Any CPU.Build.0 = Debug|Any CPU
		{497B3EB8-DCBB-41A6-BA9C-4A78B58E666A}.Debug|x64.ActiveCfg = Debug|x64
		{497B3EB8-DCBB-41A6-BA9C-4A78B58E666A}.Debug|x64.Build.0 = Debug|x64
		{497B3EB8-DCBB-41A6-BA9C-4A78B58E666A}.Debug|x86.ActiveCfg = Debug|Any CPU
		{497B3EB8-DCBB-41A6-BA9C-4A78B58E666A}.Debug|x86.Build.0 = Debug|Any CPU
		{497B3EB8-DCBB-41A6-BA9C-4A78B58E666A}.Release|Any CPU.ActiveCfg = Release|Any CPU
		{497B3EB8-DCBB-41A6-BA9C-4A78B58E666A}.Release|Any CPU.Build.0 = Release|Any CPU
		{497B3EB8-DCBB-41A6-BA9C-4A78B58E666A}.Release|x64.ActiveCfg = Release|x64
		{497B3EB8-DCBB-41A6-BA9C-4A78B58E666A}.Release|x64.Build.0 = Release|x64
		{497B3EB8-DCBB-41A6-BA9C-4A78B58E666A}.Release|x86.ActiveCfg = Release|Any CPU
		{497B3EB8-DCBB-41A6-BA9C-4A78B58E666A}.Release|x86.Build.0 = Release|Any CPU
		{BD7400F1-DE49-4EF6-AE85-48985C5B1E13}.Debug|Any CPU.ActiveCfg = Debug|Any CPU
		{BD7400F1-DE49-4EF6-AE85-48985C5B1E13}.Debug|Any CPU.Build.0 = Debug|Any CPU
		{BD7400F1-DE49-4EF6-AE85-48985C5B1E13}.Debug|x64.ActiveCfg = Debug|x64
		{BD7400F1-DE49-4EF6-AE85-48985C5B1E13}.Debug|x64.Build.0 = Debug|x64
		{BD7400F1-DE49-4EF6-AE85-48985C5B1E13}.Debug|x86.ActiveCfg = Debug|Any CPU
		{BD7400F1-DE49-4EF6-AE85-48985C5B1E13}.Debug|x86.Build.0 = Debug|Any CPU
		{BD7400F1-DE49-4EF6-AE85-48985C5B1E13}.Release|Any CPU.ActiveCfg = Release|Any CPU
		{BD7400F1-DE49-4EF6-AE85-48985C5B1E13}.Release|Any CPU.Build.0 = Release|Any CPU
		{BD7400F1-DE49-4EF6-AE85-48985C5B1E13}.Release|x64.ActiveCfg = Release|x64
		{BD7400F1-DE49-4EF6-AE85-48985C5B1E13}.Release|x64.Build.0 = Release|x64
		{BD7400F1-DE49-4EF6-AE85-48985C5B1E13}.Release|x86.ActiveCfg = Release|Any CPU
		{BD7400F1-DE49-4EF6-AE85-48985C5B1E13}.Release|x86.Build.0 = Release|Any CPU
		{EBA2C78C-DAA8-4B72-BD1F-BC609C059400}.Debug|Any CPU.ActiveCfg = Debug|Any CPU
		{EBA2C78C-DAA8-4B72-BD1F-BC609C059400}.Debug|Any CPU.Build.0 = Debug|Any CPU
		{EBA2C78C-DAA8-4B72-BD1F-BC609C059400}.Debug|x64.ActiveCfg = Debug|x64
		{EBA2C78C-DAA8-4B72-BD1F-BC609C059400}.Debug|x64.Build.0 = Debug|x64
		{EBA2C78C-DAA8-4B72-BD1F-BC609C059400}.Debug|x86.ActiveCfg = Debug|Any CPU
		{EBA2C78C-DAA8-4B72-BD1F-BC609C059400}.Debug|x86.Build.0 = Debug|Any CPU
		{EBA2C78C-DAA8-4B72-BD1F-BC609C059400}.Release|Any CPU.ActiveCfg = Release|Any CPU
		{EBA2C78C-DAA8-4B72-BD1F-BC609C059400}.Release|Any CPU.Build.0 = Release|Any CPU
		{EBA2C78C-DAA8-4B72-BD1F-BC609C059400}.Release|x64.ActiveCfg = Release|x64
		{EBA2C78C-DAA8-4B72-BD1F-BC609C059400}.Release|x64.Build.0 = Release|x64
		{EBA2C78C-DAA8-4B72-BD1F-BC609C059400}.Release|x86.ActiveCfg = Release|Any CPU
		{EBA2C78C-DAA8-4B72-BD1F-BC609C059400}.Release|x86.Build.0 = Release|Any CPU
		{A94D7507-276F-4AB4-9467-41F4F940790F}.Debug|Any CPU.ActiveCfg = Debug|Any CPU
		{A94D7507-276F-4AB4-9467-41F4F940790F}.Debug|Any CPU.Build.0 = Debug|Any CPU
		{A94D7507-276F-4AB4-9467-41F4F940790F}.Debug|x64.ActiveCfg = Debug|x64
		{A94D7507-276F-4AB4-9467-41F4F940790F}.Debug|x64.Build.0 = Debug|x64
		{A94D7507-276F-4AB4-9467-41F4F940790F}.Debug|x86.ActiveCfg = Debug|Any CPU
		{A94D7507-276F-4AB4-9467-41F4F940790F}.Debug|x86.Build.0 = Debug|Any CPU
		{A94D7507-276F-4AB4-9467-41F4F940790F}.Release|Any CPU.ActiveCfg = Release|Any CPU
		{A94D7507-276F-4AB4-9467-41F4F940790F}.Release|Any CPU.Build.0 = Release|Any CPU
		{A94D7507-276F-4AB4-9467-41F4F940790F}.Release|x64.ActiveCfg = Release|x64
		{A94D7507-276F-4AB4-9467-41F4F940790F}.Release|x64.Build.0 = Release|x64
		{A94D7507-276F-4AB4-9467-41F4F940790F}.Release|x86.ActiveCfg = Release|Any CPU
		{A94D7507-276F-4AB4-9467-41F4F940790F}.Release|x86.Build.0 = Release|Any CPU
		{59E37DC4-A963-4B05-B14B-2E23CB0069AD}.Debug|Any CPU.ActiveCfg = Debug|x86
		{59E37DC4-A963-4B05-B14B-2E23CB0069AD}.Debug|Any CPU.Build.0 = Debug|x86
		{59E37DC4-A963-4B05-B14B-2E23CB0069AD}.Debug|x64.ActiveCfg = Debug|x64
		{59E37DC4-A963-4B05-B14B-2E23CB0069AD}.Debug|x64.Build.0 = Debug|x64
		{59E37DC4-A963-4B05-B14B-2E23CB0069AD}.Debug|x86.ActiveCfg = Debug|x86
		{59E37DC4-A963-4B05-B14B-2E23CB0069AD}.Debug|x86.Build.0 = Debug|x86
		{59E37DC4-A963-4B05-B14B-2E23CB0069AD}.Release|Any CPU.ActiveCfg = Release|x86
		{59E37DC4-A963-4B05-B14B-2E23CB0069AD}.Release|x64.ActiveCfg = Release|x64
		{59E37DC4-A963-4B05-B14B-2E23CB0069AD}.Release|x64.Build.0 = Release|x64
		{59E37DC4-A963-4B05-B14B-2E23CB0069AD}.Release|x86.ActiveCfg = Release|x86
		{59E37DC4-A963-4B05-B14B-2E23CB0069AD}.Release|x86.Build.0 = Release|x86
	EndGlobalSection
	GlobalSection(SolutionProperties) = preSolution
		HideSolutionNode = FALSE
	EndGlobalSection
	GlobalSection(NestedProjects) = preSolution
		{E7A9765C-5A7E-486F-9671-63B3941E2F03} = {3025DE5F-2C70-496D-8902-151F57E0BB80}
		{954E2197-39CD-475F-BBEF-96E135F9DCCF} = {3025DE5F-2C70-496D-8902-151F57E0BB80}
		{A4D70D3C-03DD-4645-A190-A009E70408F4} = {3025DE5F-2C70-496D-8902-151F57E0BB80}
		{7DD65D11-FA4F-4E1F-8835-CBADCED432D2} = {3025DE5F-2C70-496D-8902-151F57E0BB80}
		{44CD383A-1CB9-420F-9C03-613DAC1CE1D4} = {3025DE5F-2C70-496D-8902-151F57E0BB80}
		{4CA65224-8020-4A9D-BA3A-786760AE9AA9} = {3025DE5F-2C70-496D-8902-151F57E0BB80}
		{497B3EB8-DCBB-41A6-BA9C-4A78B58E666A} = {3025DE5F-2C70-496D-8902-151F57E0BB80}
		{BD7400F1-DE49-4EF6-AE85-48985C5B1E13} = {3025DE5F-2C70-496D-8902-151F57E0BB80}
		{EBA2C78C-DAA8-4B72-BD1F-BC609C059400} = {3025DE5F-2C70-496D-8902-151F57E0BB80}
		{A94D7507-276F-4AB4-9467-41F4F940790F} = {3025DE5F-2C70-496D-8902-151F57E0BB80}
	EndGlobalSection
EndGlobal
