
Microsoft Visual Studio Solution File, Format Version 12.00
# Visual Studio 14
VisualStudioVersion = 14.0.24720.0
MinimumVisualStudioVersion = 10.0.40219.1
Project("{FAE04EC0-301F-11D3-BF4B-00C04F79EFBC}") = "OrionX", "OrionX\OrionX.csproj", "{3DFD48F8-21F7-47C8-9E8A-25FF206341EF}"
EndProject
Project("{FAE04EC0-301F-11D3-BF4B-00C04F79EFBC}") = "OrionX.Tests", "OrionX.Tests\OrionX.Tests.csproj", "{55CD97C2-B4AC-4715-B376-DAAFA6A0D993}"
EndProject
Global
	GlobalSection(SolutionConfigurationPlatforms) = preSolution
		Debug|Any CPU = Debug|Any CPU
		Release|Any CPU = Release|Any CPU
	EndGlobalSection
	GlobalSection(ProjectConfigurationPlatforms) = postSolution
		{3DFD48F8-21F7-47C8-9E8A-25FF206341EF}.Debug|Any CPU.ActiveCfg = Debug|Any CPU
		{3DFD48F8-21F7-47C8-9E8A-25FF206341EF}.Debug|Any CPU.Build.0 = Debug|Any CPU
		{3DFD48F8-21F7-47C8-9E8A-25FF206341EF}.Release|Any CPU.ActiveCfg = Release|Any CPU
		{3DFD48F8-21F7-47C8-9E8A-25FF206341EF}.Release|Any CPU.Build.0 = Release|Any CPU
		{55CD97C2-B4AC-4715-B376-DAAFA6A0D993}.Debug|Any CPU.ActiveCfg = Debug|Any CPU
		{55CD97C2-B4AC-4715-B376-DAAFA6A0D993}.Debug|Any CPU.Build.0 = Debug|Any CPU
		{55CD97C2-B4AC-4715-B376-DAAFA6A0D993}.Release|Any CPU.ActiveCfg = Release|Any CPU
		{55CD97C2-B4AC-4715-B376-DAAFA6A0D993}.Release|Any CPU.Build.0 = Release|Any CPU
	EndGlobalSection
	GlobalSection(SolutionProperties) = preSolution
		HideSolutionNode = FALSE
	EndGlobalSection
EndGlobal
